// !$*UTF8*$!
{
	archiveVersion = 1;
	classes = {
	};
	objectVersion = 56;
	objects = {

/* Begin PBXBuildFile section */
		6DFF4B56292E05F9001B6ABC /* AppDelegate.swift in Sources */ = {isa = PBXBuildFile; fileRef = 6DFF4B55292E05F9001B6ABC /* AppDelegate.swift */; };
		6DFF4B58292E05F9001B6ABC /* SceneDelegate.swift in Sources */ = {isa = PBXBuildFile; fileRef = 6DFF4B57292E05F9001B6ABC /* SceneDelegate.swift */; };
		6DFF4B5A292E05F9001B6ABC /* ViewController.swift in Sources */ = {isa = PBXBuildFile; fileRef = 6DFF4B59292E05F9001B6ABC /* ViewController.swift */; };
		6DFF4B5D292E05F9001B6ABC /* Main.storyboard in Resources */ = {isa = PBXBuildFile; fileRef = 6DFF4B5B292E05F9001B6ABC /* Main.storyboard */; };
		6DFF4B5F292E05F9001B6ABC /* Assets.xcassets in Resources */ = {isa = PBXBuildFile; fileRef = 6DFF4B5E292E05F9001B6ABC /* Assets.xcassets */; };
		6DFF4B62292E05F9001B6ABC /* LaunchScreen.storyboard in Resources */ = {isa = PBXBuildFile; fileRef = 6DFF4B60292E05F9001B6ABC /* LaunchScreen.storyboard */; };
		6DFF4B6D292E05FA001B6ABC /* RGBGameTests.swift in Sources */ = {isa = PBXBuildFile; fileRef = 6DFF4B6C292E05FA001B6ABC /* RGBGameTests.swift */; };
		6DFF4B77292E05FA001B6ABC /* RGBGameUITests.swift in Sources */ = {isa = PBXBuildFile; fileRef = 6DFF4B76292E05FA001B6ABC /* RGBGameUITests.swift */; };
		6DFF4B79292E05FA001B6ABC /* RGBGameUITestsLaunchTests.swift in Sources */ = {isa = PBXBuildFile; fileRef = 6DFF4B78292E05FA001B6ABC /* RGBGameUITestsLaunchTests.swift */; };
/* End PBXBuildFile section */

/* Begin PBXContainerItemProxy section */
		6DFF4B69292E05FA001B6ABC /* PBXContainerItemProxy */ = {
			isa = PBXContainerItemProxy;
			containerPortal = 6DFF4B4A292E05F9001B6ABC /* Project object */;
			proxyType = 1;
			remoteGlobalIDString = 6DFF4B51292E05F9001B6ABC;
			remoteInfo = RGBGame;
		};
		6DFF4B73292E05FA001B6ABC /* PBXContainerItemProxy */ = {
			isa = PBXContainerItemProxy;
			containerPortal = 6DFF4B4A292E05F9001B6ABC /* Project object */;
			proxyType = 1;
			remoteGlobalIDString = 6DFF4B51292E05F9001B6ABC;
			remoteInfo = RGBGame;
		};
/* End PBXContainerItemProxy section */

/* Begin PBXFileReference section */
		6DFF4B52292E05F9001B6ABC /* RGBGame.app */ = {isa = PBXFileReference; explicitFileType = wrapper.application; includeInIndex = 0; path = RGBGame.app; sourceTree = BUILT_PRODUCTS_DIR; };
		6DFF4B55292E05F9001B6ABC /* AppDelegate.swift */ = {isa = PBXFileReference; lastKnownFileType = sourcecode.swift; path = AppDelegate.swift; sourceTree = "<group>"; };
		6DFF4B57292E05F9001B6ABC /* SceneDelegate.swift */ = {isa = PBXFileReference; lastKnownFileType = sourcecode.swift; path = SceneDelegate.swift; sourceTree = "<group>"; };
		6DFF4B59292E05F9001B6ABC /* ViewController.swift */ = {isa = PBXFileReference; lastKnownFileType = sourcecode.swift; path = ViewController.swift; sourceTree = "<group>"; };
		6DFF4B5C292E05F9001B6ABC /* Base */ = {isa = PBXFileReference; lastKnownFileType = file.storyboard; name = Base; path = Base.lproj/Main.storyboard; sourceTree = "<group>"; };
		6DFF4B5E292E05F9001B6ABC /* Assets.xcassets */ = {isa = PBXFileReference; lastKnownFileType = folder.assetcatalog; path = Assets.xcassets; sourceTree = "<group>"; };
		6DFF4B61292E05F9001B6ABC /* Base */ = {isa = PBXFileReference; lastKnownFileType = file.storyboard; name = Base; path = Base.lproj/LaunchScreen.storyboard; sourceTree = "<group>"; };
		6DFF4B63292E05F9001B6ABC /* Info.plist */ = {isa = PBXFileReference; lastKnownFileType = text.plist.xml; path = Info.plist; sourceTree = "<group>"; };
		6DFF4B68292E05FA001B6ABC /* RGBGameTests.xctest */ = {isa = PBXFileReference; explicitFileType = wrapper.cfbundle; includeInIndex = 0; path = RGBGameTests.xctest; sourceTree = BUILT_PRODUCTS_DIR; };
		6DFF4B6C292E05FA001B6ABC /* RGBGameTests.swift */ = {isa = PBXFileReference; lastKnownFileType = sourcecode.swift; path = RGBGameTests.swift; sourceTree = "<group>"; };
		6DFF4B72292E05FA001B6ABC /* RGBGameUITests.xctest */ = {isa = PBXFileReference; explicitFileType = wrapper.cfbundle; includeInIndex = 0; path = RGBGameUITests.xctest; sourceTree = BUILT_PRODUCTS_DIR; };
		6DFF4B76292E05FA001B6ABC /* RGBGameUITests.swift */ = {isa = PBXFileReference; lastKnownFileType = sourcecode.swift; path = RGBGameUITests.swift; sourceTree = "<group>"; };
		6DFF4B78292E05FA001B6ABC /* RGBGameUITestsLaunchTests.swift */ = {isa = PBXFileReference; lastKnownFileType = sourcecode.swift; path = RGBGameUITestsLaunchTests.swift; sourceTree = "<group>"; };
/* End PBXFileReference section */

/* Begin PBXFrameworksBuildPhase section */
		6DFF4B4F292E05F9001B6ABC /* Frameworks */ = {
			isa = PBXFrameworksBuildPhase;
			buildActionMask = 2147483647;
			files = (
			);
			runOnlyForDeploymentPostprocessing = 0;
		};
		6DFF4B65292E05FA001B6ABC /* Frameworks */ = {
			isa = PBXFrameworksBuildPhase;
			buildActionMask = 2147483647;
			files = (
			);
			runOnlyForDeploymentPostprocessing = 0;
		};
		6DFF4B6F292E05FA001B6ABC /* Frameworks */ = {
			isa = PBXFrameworksBuildPhase;
			buildActionMask = 2147483647;
			files = (
			);
			runOnlyForDeploymentPostprocessing = 0;
		};
/* End PBXFrameworksBuildPhase section */

/* Begin PBXGroup section */
		6DFF4B49292E05F9001B6ABC = {
			isa = PBXGroup;
			children = (
				6DFF4B54292E05F9001B6ABC /* RGBGame */,
				6DFF4B6B292E05FA001B6ABC /* RGBGameTests */,
				6DFF4B75292E05FA001B6ABC /* RGBGameUITests */,
				6DFF4B53292E05F9001B6ABC /* Products */,
			);
			sourceTree = "<group>";
		};
		6DFF4B53292E05F9001B6ABC /* Products */ = {
			isa = PBXGroup;
			children = (
				6DFF4B52292E05F9001B6ABC /* RGBGame.app */,
				6DFF4B68292E05FA001B6ABC /* RGBGameTests.xctest */,
				6DFF4B72292E05FA001B6ABC /* RGBGameUITests.xctest */,
			);
			name = Products;
			sourceTree = "<group>";
		};
		6DFF4B54292E05F9001B6ABC /* RGBGame */ = {
			isa = PBXGroup;
			children = (
				6DFF4B55292E05F9001B6ABC /* AppDelegate.swift */,
				6DFF4B57292E05F9001B6ABC /* SceneDelegate.swift */,
				6DFF4B59292E05F9001B6ABC /* ViewController.swift */,
				6DFF4B5B292E05F9001B6ABC /* Main.storyboard */,
				6DFF4B5E292E05F9001B6ABC /* Assets.xcassets */,
				6DFF4B60292E05F9001B6ABC /* LaunchScreen.storyboard */,
				6DFF4B63292E05F9001B6ABC /* Info.plist */,
			);
			path = RGBGame;
			sourceTree = "<group>";
		};
		6DFF4B6B292E05FA001B6ABC /* RGBGameTests */ = {
			isa = PBXGroup;
			children = (
				6DFF4B6C292E05FA001B6ABC /* RGBGameTests.swift */,
			);
			path = RGBGameTests;
			sourceTree = "<group>";
		};
		6DFF4B75292E05FA001B6ABC /* RGBGameUITests */ = {
			isa = PBXGroup;
			children = (
				6DFF4B76292E05FA001B6ABC /* RGBGameUITests.swift */,
				6DFF4B78292E05FA001B6ABC /* RGBGameUITestsLaunchTests.swift */,
			);
			path = RGBGameUITests;
			sourceTree = "<group>";
		};
/* End PBXGroup section */

/* Begin PBXNativeTarget section */
		6DFF4B51292E05F9001B6ABC /* RGBGame */ = {
			isa = PBXNativeTarget;
			buildConfigurationList = 6DFF4B7C292E05FA001B6ABC /* Build configuration list for PBXNativeTarget "RGBGame" */;
			buildPhases = (
				6DFF4B4E292E05F9001B6ABC /* Sources */,
				6DFF4B4F292E05F9001B6ABC /* Frameworks */,
				6DFF4B50292E05F9001B6ABC /* Resources */,
			);
			buildRules = (
			);
			dependencies = (
			);
			name = RGBGame;
			productName = RGBGame;
			productReference = 6DFF4B52292E05F9001B6ABC /* RGBGame.app */;
			productType = "com.apple.product-type.application";
		};
		6DFF4B67292E05FA001B6ABC /* RGBGameTests */ = {
			isa = PBXNativeTarget;
			buildConfigurationList = 6DFF4B7F292E05FA001B6ABC /* Build configuration list for PBXNativeTarget "RGBGameTests" */;
			buildPhases = (
				6DFF4B64292E05FA001B6ABC /* Sources */,
				6DFF4B65292E05FA001B6ABC /* Frameworks */,
				6DFF4B66292E05FA001B6ABC /* Resources */,
			);
			buildRules = (
			);
			dependencies = (
				6DFF4B6A292E05FA001B6ABC /* PBXTargetDependency */,
			);
			name = RGBGameTests;
			productName = RGBGameTests;
			productReference = 6DFF4B68292E05FA001B6ABC /* RGBGameTests.xctest */;
			productType = "com.apple.product-type.bundle.unit-test";
		};
		6DFF4B71292E05FA001B6ABC /* RGBGameUITests */ = {
			isa = PBXNativeTarget;
			buildConfigurationList = 6DFF4B82292E05FA001B6ABC /* Build configuration list for PBXNativeTarget "RGBGameUITests" */;
			buildPhases = (
				6DFF4B6E292E05FA001B6ABC /* Sources */,
				6DFF4B6F292E05FA001B6ABC /* Frameworks */,
				6DFF4B70292E05FA001B6ABC /* Resources */,
			);
			buildRules = (
			);
			dependencies = (
				6DFF4B74292E05FA001B6ABC /* PBXTargetDependency */,
			);
			name = RGBGameUITests;
			productName = RGBGameUITests;
			productReference = 6DFF4B72292E05FA001B6ABC /* RGBGameUITests.xctest */;
			productType = "com.apple.product-type.bundle.ui-testing";
		};
/* End PBXNativeTarget section */

/* Begin PBXProject section */
		6DFF4B4A292E05F9001B6ABC /* Project object */ = {
			isa = PBXProject;
			attributes = {
				BuildIndependentTargetsInParallel = 1;
				LastSwiftUpdateCheck = 1410;
				LastUpgradeCheck = 1410;
				TargetAttributes = {
					6DFF4B51292E05F9001B6ABC = {
						CreatedOnToolsVersion = 14.1;
					};
					6DFF4B67292E05FA001B6ABC = {
						CreatedOnToolsVersion = 14.1;
						TestTargetID = 6DFF4B51292E05F9001B6ABC;
					};
					6DFF4B71292E05FA001B6ABC = {
						CreatedOnToolsVersion = 14.1;
						TestTargetID = 6DFF4B51292E05F9001B6ABC;
					};
				};
			};
			buildConfigurationList = 6DFF4B4D292E05F9001B6ABC /* Build configuration list for PBXProject "RGBGame" */;
			compatibilityVersion = "Xcode 14.0";
			developmentRegion = en;
			hasScannedForEncodings = 0;
			knownRegions = (
				en,
				Base,
			);
			mainGroup = 6DFF4B49292E05F9001B6ABC;
			productRefGroup = 6DFF4B53292E05F9001B6ABC /* Products */;
			projectDirPath = "";
			projectRoot = "";
			targets = (
				6DFF4B51292E05F9001B6ABC /* RGBGame */,
				6DFF4B67292E05FA001B6ABC /* RGBGameTests */,
				6DFF4B71292E05FA001B6ABC /* RGBGameUITests */,
			);
		};
/* End PBXProject section */

/* Begin PBXResourcesBuildPhase section */
		6DFF4B50292E05F9001B6ABC /* Resources */ = {
			isa = PBXResourcesBuildPhase;
			buildActionMask = 2147483647;
			files = (
				6DFF4B62292E05F9001B6ABC /* LaunchScreen.storyboard in Resources */,
				6DFF4B5F292E05F9001B6ABC /* Assets.xcassets in Resources */,
				6DFF4B5D292E05F9001B6ABC /* Main.storyboard in Resources */,
			);
			runOnlyForDeploymentPostprocessing = 0;
		};
		6DFF4B66292E05FA001B6ABC /* Resources */ = {
			isa = PBXResourcesBuildPhase;
			buildActionMask = 2147483647;
			files = (
			);
			runOnlyForDeploymentPostprocessing = 0;
		};
		6DFF4B70292E05FA001B6ABC /* Resources */ = {
			isa = PBXResourcesBuildPhase;
			buildActionMask = 2147483647;
			files = (
			);
			runOnlyForDeploymentPostprocessing = 0;
		};
/* End PBXResourcesBuildPhase section */

/* Begin PBXSourcesBuildPhase section */
		6DFF4B4E292E05F9001B6ABC /* Sources */ = {
			isa = PBXSourcesBuildPhase;
			buildActionMask = 2147483647;
			files = (
				6DFF4B5A292E05F9001B6ABC /* ViewController.swift in Sources */,
				6DFF4B56292E05F9001B6ABC /* AppDelegate.swift in Sources */,
				6DFF4B58292E05F9001B6ABC /* SceneDelegate.swift in Sources */,
			);
			runOnlyForDeploymentPostprocessing = 0;
		};
		6DFF4B64292E05FA001B6ABC /* Sources */ = {
			isa = PBXSourcesBuildPhase;
			buildActionMask = 2147483647;
			files = (
				6DFF4B6D292E05FA001B6ABC /* RGBGameTests.swift in Sources */,
			);
			runOnlyForDeploymentPostprocessing = 0;
		};
		6DFF4B6E292E05FA001B6ABC /* Sources */ = {
			isa = PBXSourcesBuildPhase;
			buildActionMask = 2147483647;
			files = (
				6DFF4B79292E05FA001B6ABC /* RGBGameUITestsLaunchTests.swift in Sources */,
				6DFF4B77292E05FA001B6ABC /* RGBGameUITests.swift in Sources */,
			);
			runOnlyForDeploymentPostprocessing = 0;
		};
/* End PBXSourcesBuildPhase section */

/* Begin PBXTargetDependency section */
		6DFF4B6A292E05FA001B6ABC /* PBXTargetDependency */ = {
			isa = PBXTargetDependency;
			target = 6DFF4B51292E05F9001B6ABC /* RGBGame */;
			targetProxy = 6DFF4B69292E05FA001B6ABC /* PBXContainerItemProxy */;
		};
		6DFF4B74292E05FA001B6ABC /* PBXTargetDependency */ = {
			isa = PBXTargetDependency;
			target = 6DFF4B51292E05F9001B6ABC /* RGBGame */;
			targetProxy = 6DFF4B73292E05FA001B6ABC /* PBXContainerItemProxy */;
		};
/* End PBXTargetDependency section */

/* Begin PBXVariantGroup section */
		6DFF4B5B292E05F9001B6ABC /* Main.storyboard */ = {
			isa = PBXVariantGroup;
			children = (
				6DFF4B5C292E05F9001B6ABC /* Base */,
			);
			name = Main.storyboard;
			sourceTree = "<group>";
		};
		6DFF4B60292E05F9001B6ABC /* LaunchScreen.storyboard */ = {
			isa = PBXVariantGroup;
			children = (
				6DFF4B61292E05F9001B6ABC /* Base */,
			);
			name = LaunchScreen.storyboard;
			sourceTree = "<group>";
		};
/* End PBXVariantGroup section */

/* Begin XCBuildConfiguration section */
		6DFF4B7A292E05FA001B6ABC /* Debug */ = {
			isa = XCBuildConfiguration;
			buildSettings = {
				ALWAYS_SEARCH_USER_PATHS = NO;
				CLANG_ANALYZER_NONNULL = YES;
				CLANG_ANALYZER_NUMBER_OBJECT_CONVERSION = YES_AGGRESSIVE;
				CLANG_CXX_LANGUAGE_STANDARD = "gnu++20";
				CLANG_ENABLE_MODULES = YES;
				CLANG_ENABLE_OBJC_ARC = YES;
				CLANG_ENABLE_OBJC_WEAK = YES;
				CLANG_WARN_BLOCK_CAPTURE_AUTORELEASING = YES;
				CLANG_WARN_BOOL_CONVERSION = YES;
				CLANG_WARN_COMMA = YES;
				CLANG_WARN_CONSTANT_CONVERSION = YES;
				CLANG_WARN_DEPRECATED_OBJC_IMPLEMENTATIONS = YES;
				CLANG_WARN_DIRECT_OBJC_ISA_USAGE = YES_ERROR;
				CLANG_WARN_DOCUMENTATION_COMMENTS = YES;
				CLANG_WARN_EMPTY_BODY = YES;
				CLANG_WARN_ENUM_CONVERSION = YES;
				CLANG_WARN_INFINITE_RECURSION = YES;
				CLANG_WARN_INT_CONVERSION = YES;
				CLANG_WARN_NON_LITERAL_NULL_CONVERSION = YES;
				CLANG_WARN_OBJC_IMPLICIT_RETAIN_SELF = YES;
				CLANG_WARN_OBJC_LITERAL_CONVERSION = YES;
				CLANG_WARN_OBJC_ROOT_CLASS = YES_ERROR;
				CLANG_WARN_QUOTED_INCLUDE_IN_FRAMEWORK_HEADER = YES;
				CLANG_WARN_RANGE_LOOP_ANALYSIS = YES;
				CLANG_WARN_STRICT_PROTOTYPES = YES;
				CLANG_WARN_SUSPICIOUS_MOVE = YES;
				CLANG_WARN_UNGUARDED_AVAILABILITY = YES_AGGRESSIVE;
				CLANG_WARN_UNREACHABLE_CODE = YES;
				CLANG_WARN__DUPLICATE_METHOD_MATCH = YES;
				COPY_PHASE_STRIP = NO;
				DEBUG_INFORMATION_FORMAT = dwarf;
				ENABLE_STRICT_OBJC_MSGSEND = YES;
				ENABLE_TESTABILITY = YES;
				GCC_C_LANGUAGE_STANDARD = gnu11;
				GCC_DYNAMIC_NO_PIC = NO;
				GCC_NO_COMMON_BLOCKS = YES;
				GCC_OPTIMIZATION_LEVEL = 0;
				GCC_PREPROCESSOR_DEFINITIONS = (
					"DEBUG=1",
					"$(inherited)",
				);
				GCC_WARN_64_TO_32_BIT_CONVERSION = YES;
				GCC_WARN_ABOUT_RETURN_TYPE = YES_ERROR;
				GCC_WARN_UNDECLARED_SELECTOR = YES;
				GCC_WARN_UNINITIALIZED_AUTOS = YES_AGGRESSIVE;
				GCC_WARN_UNUSED_FUNCTION = YES;
				GCC_WARN_UNUSED_VARIABLE = YES;
				IPHONEOS_DEPLOYMENT_TARGET = 16.1;
				MTL_ENABLE_DEBUG_INFO = INCLUDE_SOURCE;
				MTL_FAST_MATH = YES;
				ONLY_ACTIVE_ARCH = YES;
				SDKROOT = iphoneos;
				SWIFT_ACTIVE_COMPILATION_CONDITIONS = DEBUG;
				SWIFT_OPTIMIZATION_LEVEL = "-Onone";
			};
			name = Debug;
		};
		6DFF4B7B292E05FA001B6ABC /* Release */ = {
			isa = XCBuildConfiguration;
			buildSettings = {
				ALWAYS_SEARCH_USER_PATHS = NO;
				CLANG_ANALYZER_NONNULL = YES;
				CLANG_ANALYZER_NUMBER_OBJECT_CONVERSION = YES_AGGRESSIVE;
				CLANG_CXX_LANGUAGE_STANDARD = "gnu++20";
				CLANG_ENABLE_MODULES = YES;
				CLANG_ENABLE_OBJC_ARC = YES;
				CLANG_ENABLE_OBJC_WEAK = YES;
				CLANG_WARN_BLOCK_CAPTURE_AUTORELEASING = YES;
				CLANG_WARN_BOOL_CONVERSION = YES;
				CLANG_WARN_COMMA = YES;
				CLANG_WARN_CONSTANT_CONVERSION = YES;
				CLANG_WARN_DEPRECATED_OBJC_IMPLEMENTATIONS = YES;
				CLANG_WARN_DIRECT_OBJC_ISA_USAGE = YES_ERROR;
				CLANG_WARN_DOCUMENTATION_COMMENTS = YES;
				CLANG_WARN_EMPTY_BODY = YES;
				CLANG_WARN_ENUM_CONVERSION = YES;
				CLANG_WARN_INFINITE_RECURSION = YES;
				CLANG_WARN_INT_CONVERSION = YES;
				CLANG_WARN_NON_LITERAL_NULL_CONVERSION = YES;
				CLANG_WARN_OBJC_IMPLICIT_RETAIN_SELF = YES;
				CLANG_WARN_OBJC_LITERAL_CONVERSION = YES;
				CLANG_WARN_OBJC_ROOT_CLASS = YES_ERROR;
				CLANG_WARN_QUOTED_INCLUDE_IN_FRAMEWORK_HEADER = YES;
				CLANG_WARN_RANGE_LOOP_ANALYSIS = YES;
				CLANG_WARN_STRICT_PROTOTYPES = YES;
				CLANG_WARN_SUSPICIOUS_MOVE = YES;
				CLANG_WARN_UNGUARDED_AVAILABILITY = YES_AGGRESSIVE;
				CLANG_WARN_UNREACHABLE_CODE = YES;
				CLANG_WARN__DUPLICATE_METHOD_MATCH = YES;
				COPY_PHASE_STRIP = NO;
				DEBUG_INFORMATION_FORMAT = "dwarf-with-dsym";
				ENABLE_NS_ASSERTIONS = NO;
				ENABLE_STRICT_OBJC_MSGSEND = YES;
				GCC_C_LANGUAGE_STANDARD = gnu11;
				GCC_NO_COMMON_BLOCKS = YES;
				GCC_WARN_64_TO_32_BIT_CONVERSION = YES;
				GCC_WARN_ABOUT_RETURN_TYPE = YES_ERROR;
				GCC_WARN_UNDECLARED_SELECTOR = YES;
				GCC_WARN_UNINITIALIZED_AUTOS = YES_AGGRESSIVE;
				GCC_WARN_UNUSED_FUNCTION = YES;
				GCC_WARN_UNUSED_VARIABLE = YES;
				IPHONEOS_DEPLOYMENT_TARGET = 16.1;
				MTL_ENABLE_DEBUG_INFO = NO;
				MTL_FAST_MATH = YES;
				SDKROOT = iphoneos;
				SWIFT_COMPILATION_MODE = wholemodule;
				SWIFT_OPTIMIZATION_LEVEL = "-O";
				VALIDATE_PRODUCT = YES;
			};
			name = Release;
		};
		6DFF4B7D292E05FA001B6ABC /* Debug */ = {
			isa = XCBuildConfiguration;
			buildSettings = {
				ASSETCATALOG_COMPILER_APPICON_NAME = AppIcon;
				ASSETCATALOG_COMPILER_GLOBAL_ACCENT_COLOR_NAME = AccentColor;
				CODE_SIGN_STYLE = Automatic;
				CURRENT_PROJECT_VERSION = 1;
				DEVELOPMENT_TEAM = 93LJ9T3CBB;
				GENERATE_INFOPLIST_FILE = YES;
				INFOPLIST_FILE = RGBGame/Info.plist;
				INFOPLIST_KEY_UIApplicationSupportsIndirectInputEvents = YES;
				INFOPLIST_KEY_UILaunchStoryboardName = LaunchScreen;
				INFOPLIST_KEY_UIMainStoryboardFile = Main;
				INFOPLIST_KEY_UISupportedInterfaceOrientations_iPad = "UIInterfaceOrientationPortrait UIInterfaceOrientationPortraitUpsideDown UIInterfaceOrientationLandscapeLeft UIInterfaceOrientationLandscapeRight";
				INFOPLIST_KEY_UISupportedInterfaceOrientations_iPhone = "UIInterfaceOrientationPortrait UIInterfaceOrientationLandscapeLeft UIInterfaceOrientationLandscapeRight";
				LD_RUNPATH_SEARCH_PATHS = (
					"$(inherited)",
					"@executable_path/Frameworks",
				);
				MARKETING_VERSION = 1.0;
				PRODUCT_BUNDLE_IDENTIFIER = atsushihosaka.RGBGame;
				PRODUCT_NAME = "$(TARGET_NAME)";
				SWIFT_EMIT_LOC_STRINGS = YES;
				SWIFT_VERSION = 5.0;
				TARGETED_DEVICE_FAMILY = "1,2";
			};
			name = Debug;
		};
		6DFF4B7E292E05FA001B6ABC /* Release */ = {
			isa = XCBuildConfiguration;
			buildSettings = {
				ASSETCATALOG_COMPILER_APPICON_NAME = AppIcon;
				ASSETCATALOG_COMPILER_GLOBAL_ACCENT_COLOR_NAME = AccentColor;
				CODE_SIGN_STYLE = Automatic;
				CURRENT_PROJECT_VERSION = 1;
				DEVELOPMENT_TEAM = 93LJ9T3CBB;
				GENERATE_INFOPLIST_FILE = YES;
				INFOPLIST_FILE = RGBGame/Info.plist;
				INFOPLIST_KEY_UIApplicationSupportsIndirectInputEvents = YES;
				INFOPLIST_KEY_UILaunchStoryboardName = LaunchScreen;
				INFOPLIST_KEY_UIMainStoryboardFile = Main;
				INFOPLIST_KEY_UISupportedInterfaceOrientations_iPad = "UIInterfaceOrientationPortrait UIInterfaceOrientationPortraitUpsideDown UIInterfaceOrientationLandscapeLeft UIInterfaceOrientationLandscapeRight";
				INFOPLIST_KEY_UISupportedInterfaceOrientations_iPhone = "UIInterfaceOrientationPortrait UIInterfaceOrientationLandscapeLeft UIInterfaceOrientationLandscapeRight";
				LD_RUNPATH_SEARCH_PATHS = (
					"$(inherited)",
					"@executable_path/Frameworks",
				);
				MARKETING_VERSION = 1.0;
				PRODUCT_BUNDLE_IDENTIFIER = atsushihosaka.RGBGame;
				PRODUCT_NAME = "$(TARGET_NAME)";
				SWIFT_EMIT_LOC_STRINGS = YES;
				SWIFT_VERSION = 5.0;
				TARGETED_DEVICE_FAMILY = "1,2";
			};
			name = Release;
		};
		6DFF4B80292E05FA001B6ABC /* Debug */ = {
			isa = XCBuildConfiguration;
			buildSettings = {
				ALWAYS_EMBED_SWIFT_STANDARD_LIBRARIES = YES;
				BUNDLE_LOADER = "$(TEST_HOST)";
				CODE_SIGN_STYLE = Automatic;
				CURRENT_PROJECT_VERSION = 1;
				DEVELOPMENT_TEAM = 93LJ9T3CBB;
				GENERATE_INFOPLIST_FILE = YES;
				IPHONEOS_DEPLOYMENT_TARGET = 16.1;
				MARKETING_VERSION = 1.0;
				PRODUCT_BUNDLE_IDENTIFIER = atsushihosaka.RGBGameTests;
				PRODUCT_NAME = "$(TARGET_NAME)";
				SWIFT_EMIT_LOC_STRINGS = NO;
				SWIFT_VERSION = 5.0;
				TARGETED_DEVICE_FAMILY = "1,2";
				TEST_HOST = "$(BUILT_PRODUCTS_DIR)/RGBGame.app/$(BUNDLE_EXECUTABLE_FOLDER_PATH)/RGBGame";
			};
			name = Debug;
		};
		6DFF4B81292E05FA001B6ABC /* Release */ = {
			isa = XCBuildConfiguration;
			buildSettings = {
				ALWAYS_EMBED_SWIFT_STANDARD_LIBRARIES = YES;
				BUNDLE_LOADER = "$(TEST_HOST)";
				CODE_SIGN_STYLE = Automatic;
				CURRENT_PROJECT_VERSION = 1;
				DEVELOPMENT_TEAM = 93LJ9T3CBB;
				GENERATE_INFOPLIST_FILE = YES;
				IPHONEOS_DEPLOYMENT_TARGET = 16.1;
				MARKETING_VERSION = 1.0;
				PRODUCT_BUNDLE_IDENTIFIER = atsushihosaka.RGBGameTests;
				PRODUCT_NAME = "$(TARGET_NAME)";
				SWIFT_EMIT_LOC_STRINGS = NO;
				SWIFT_VERSION = 5.0;
				TARGETED_DEVICE_FAMILY = "1,2";
				TEST_HOST = "$(BUILT_PRODUCTS_DIR)/RGBGame.app/$(BUNDLE_EXECUTABLE_FOLDER_PATH)/RGBGame";
			};
			name = Release;
		};
		6DFF4B83292E05FA001B6ABC /* Debug */ = {
			isa = XCBuildConfiguration;
			buildSettings = {
				ALWAYS_EMBED_SWIFT_STANDARD_LIBRARIES = YES;
				CODE_SIGN_STYLE = Automatic;
				CURRENT_PROJECT_VERSION = 1;
				DEVELOPMENT_TEAM = 93LJ9T3CBB;
				GENERATE_INFOPLIST_FILE = YES;
				MARKETING_VERSION = 1.0;
				PRODUCT_BUNDLE_IDENTIFIER = atsushihosaka.RGBGameUITests;
				PRODUCT_NAME = "$(TARGET_NAME)";
				SWIFT_EMIT_LOC_STRINGS = NO;
				SWIFT_VERSION = 5.0;
				TARGETED_DEVICE_FAMILY = "1,2";
				TEST_TARGET_NAME = RGBGame;
			};
			name = Debug;
		};
		6DFF4B84292E05FA001B6ABC /* Release */ = {
			isa = XCBuildConfiguration;
			buildSettings = {
				ALWAYS_EMBED_SWIFT_STANDARD_LIBRARIES = YES;
				CODE_SIGN_STYLE = Automatic;
				CURRENT_PROJECT_VERSION = 1;
				DEVELOPMENT_TEAM = 93LJ9T3CBB;
				GENERATE_INFOPLIST_FILE = YES;
				MARKETING_VERSION = 1.0;
				PRODUCT_BUNDLE_IDENTIFIER = atsushihosaka.RGBGameUITests;
				PRODUCT_NAME = "$(TARGET_NAME)";
				SWIFT_EMIT_LOC_STRINGS = NO;
				SWIFT_VERSION = 5.0;
				TARGETED_DEVICE_FAMILY = "1,2";
				TEST_TARGET_NAME = RGBGame;
			};
			name = Release;
		};
/* End XCBuildConfiguration section */

/* Begin XCConfigurationList section */
		6DFF4B4D292E05F9001B6ABC /* Build configuration list for PBXProject "RGBGame" */ = {
			isa = XCConfigurationList;
			buildConfigurations = (
				6DFF4B7A292E05FA001B6ABC /* Debug */,
				6DFF4B7B292E05FA001B6ABC /* Release */,
			);
			defaultConfigurationIsVisible = 0;
			defaultConfigurationName = Release;
		};
		6DFF4B7C292E05FA001B6ABC /* Build configuration list for PBXNativeTarget "RGBGame" */ = {
			isa = XCConfigurationList;
			buildConfigurations = (
				6DFF4B7D292E05FA001B6ABC /* Debug */,
				6DFF4B7E292E05FA001B6ABC /* Release */,
			);
			defaultConfigurationIsVisible = 0;
			defaultConfigurationName = Release;
		};
		6DFF4B7F292E05FA001B6ABC /* Build configuration list for PBXNativeTarget "RGBGameTests" */ = {
			isa = XCConfigurationList;
			buildConfigurations = (
				6DFF4B80292E05FA001B6ABC /* Debug */,
				6DFF4B81292E05FA001B6ABC /* Release */,
			);
			defaultConfigurationIsVisible = 0;
			defaultConfigurationName = Release;
		};
		6DFF4B82292E05FA001B6ABC /* Build configuration list for PBXNativeTarget "RGBGameUITests" */ = {
			isa = XCConfigurationList;
			buildConfigurations = (
				6DFF4B83292E05FA001B6ABC /* Debug */,
				6DFF4B84292E05FA001B6ABC /* Release */,
			);
			defaultConfigurationIsVisible = 0;
			defaultConfigurationName = Release;
		};
/* End XCConfigurationList section */
	};
	rootObject = 6DFF4B4A292E05F9001B6ABC /* Project object */;
}
